// !$*UTF8*$!
{
	archiveVersion = 1;
	classes = {
	};
	objectVersion = 56;
	objects = {

/* Begin PBXBuildFile section */
		5D14F0CF2B0E1E0E00F57B14 /* RSSReaderTests.swift in Sources */ = {isa = PBXBuildFile; fileRef = 5D14F0CE2B0E1E0E00F57B14 /* RSSReaderTests.swift */; };
		5D93DB4E2AF28C470069672B /* FeedImageService.swift in Sources */ = {isa = PBXBuildFile; fileRef = 5D93DB4D2AF28C470069672B /* FeedImageService.swift */; };
		5D93DB532AF29A2A0069672B /* FeedDetailsViewController.swift in Sources */ = {isa = PBXBuildFile; fileRef = 5D93DB522AF29A2A0069672B /* FeedDetailsViewController.swift */; };
		5D93DB552AF29A300069672B /* FeedDetailsViewModel.swift in Sources */ = {isa = PBXBuildFile; fileRef = 5D93DB542AF29A300069672B /* FeedDetailsViewModel.swift */; };
		5D93DB572AF29C4F0069672B /* FeedDetailsContext.swift in Sources */ = {isa = PBXBuildFile; fileRef = 5D93DB562AF29C4F0069672B /* FeedDetailsContext.swift */; };
		5DAEF75E2AEA679D0091436C /* FeedService.swift in Sources */ = {isa = PBXBuildFile; fileRef = 5DAEF75D2AEA679D0091436C /* FeedService.swift */; };
		5DC03A762AF1020B00EA2965 /* FeedSourceCell.swift in Sources */ = {isa = PBXBuildFile; fileRef = 5DC03A742AF1020B00EA2965 /* FeedSourceCell.swift */; };
		5DC03A772AF1020B00EA2965 /* FeedSourceCellViewModel.swift in Sources */ = {isa = PBXBuildFile; fileRef = 5DC03A752AF1020B00EA2965 /* FeedSourceCellViewModel.swift */; };
		5DC03A792AF1038C00EA2965 /* FeedSourcesContext.swift in Sources */ = {isa = PBXBuildFile; fileRef = 5DC03A782AF1038C00EA2965 /* FeedSourcesContext.swift */; };
		5DC03A7B2AF1087300EA2965 /* FeedSourceCellViewModelDelegate.swift in Sources */ = {isa = PBXBuildFile; fileRef = 5DC03A7A2AF1087300EA2965 /* FeedSourceCellViewModelDelegate.swift */; };
		5DC03A7D2AF1088C00EA2965 /* FeedSourcesSectionViewModelDelegate.swift in Sources */ = {isa = PBXBuildFile; fileRef = 5DC03A7C2AF1088C00EA2965 /* FeedSourcesSectionViewModelDelegate.swift */; };
		5DC03A812AF10AA100EA2965 /* FeedSource.swift in Sources */ = {isa = PBXBuildFile; fileRef = 5DC03A802AF10AA100EA2965 /* FeedSource.swift */; };
		5DE6B40F2AEF9B0700F22F84 /* FeedPageFactory.swift in Sources */ = {isa = PBXBuildFile; fileRef = 5DE6B40E2AEF9B0700F22F84 /* FeedPageFactory.swift */; };
		5DE6B4112AEF9B5800F22F84 /* FeedEntriesContext.swift in Sources */ = {isa = PBXBuildFile; fileRef = 5DE6B4102AEF9B5800F22F84 /* FeedEntriesContext.swift */; };
		5DE6B4152AEF9E9800F22F84 /* FeedEntriesViewController.swift in Sources */ = {isa = PBXBuildFile; fileRef = 5DE6B4142AEF9E9800F22F84 /* FeedEntriesViewController.swift */; };
		5DE6B4172AEF9EDA00F22F84 /* FeedEntriesViewModel.swift in Sources */ = {isa = PBXBuildFile; fileRef = 5DE6B4162AEF9EDA00F22F84 /* FeedEntriesViewModel.swift */; };
		5DE6B4192AEF9FD600F22F84 /* FeedEntriesSectionViewModel.swift in Sources */ = {isa = PBXBuildFile; fileRef = 5DE6B4182AEF9FD600F22F84 /* FeedEntriesSectionViewModel.swift */; };
		5DE6B41B2AEF9FDF00F22F84 /* FeedEntriesCellViewModel.swift in Sources */ = {isa = PBXBuildFile; fileRef = 5DE6B41A2AEF9FDF00F22F84 /* FeedEntriesCellViewModel.swift */; };
		5DE6B41D2AEF9FE600F22F84 /* FeedEntriesCell.swift in Sources */ = {isa = PBXBuildFile; fileRef = 5DE6B41C2AEF9FE600F22F84 /* FeedEntriesCell.swift */; };
		5DE81F332AEBB0E9003159C0 /* FeedSourcesTableViewDelegate.swift in Sources */ = {isa = PBXBuildFile; fileRef = 5DE81F322AEBB0E9003159C0 /* FeedSourcesTableViewDelegate.swift */; };
		5DE81F352AEBB265003159C0 /* FeedDownloadDelegate.swift in Sources */ = {isa = PBXBuildFile; fileRef = 5DE81F342AEBB265003159C0 /* FeedDownloadDelegate.swift */; };
		5DFD964A2AE8FC9C00DEBF9A /* AppDelegate.swift in Sources */ = {isa = PBXBuildFile; fileRef = 5DFD96492AE8FC9C00DEBF9A /* AppDelegate.swift */; };
		5DFD964E2AE8FC9C00DEBF9A /* FeedSourcesViewController.swift in Sources */ = {isa = PBXBuildFile; fileRef = 5DFD964D2AE8FC9C00DEBF9A /* FeedSourcesViewController.swift */; };
		5DFD96532AE8FC9D00DEBF9A /* Assets.xcassets in Resources */ = {isa = PBXBuildFile; fileRef = 5DFD96522AE8FC9D00DEBF9A /* Assets.xcassets */; };
		5DFD96562AE8FC9D00DEBF9A /* LaunchScreen.storyboard in Resources */ = {isa = PBXBuildFile; fileRef = 5DFD96542AE8FC9D00DEBF9A /* LaunchScreen.storyboard */; };
		5DFD965F2AE8FE1400DEBF9A /* FMArchitecture in Frameworks */ = {isa = PBXBuildFile; productRef = 5DFD965E2AE8FE1400DEBF9A /* FMArchitecture */; };
		5DFD96622AE8FE2400DEBF9A /* ALNavigation in Frameworks */ = {isa = PBXBuildFile; productRef = 5DFD96612AE8FE2400DEBF9A /* ALNavigation */; };
		5DFD96652AE8FE3000DEBF9A /* FeedKit in Frameworks */ = {isa = PBXBuildFile; productRef = 5DFD96642AE8FE3000DEBF9A /* FeedKit */; };
		5DFD966A2AE9001900DEBF9A /* FeedSourcesViewModel.swift in Sources */ = {isa = PBXBuildFile; fileRef = 5DFD96692AE9001900DEBF9A /* FeedSourcesViewModel.swift */; };
		5DFD966F2AE9126F00DEBF9A /* FeedSourcesSectionViewModel.swift in Sources */ = {isa = PBXBuildFile; fileRef = 5DFD966E2AE9126F00DEBF9A /* FeedSourcesSectionViewModel.swift */; };
/* End PBXBuildFile section */

/* Begin PBXContainerItemProxy section */
		5D14F0D02B0E1E0E00F57B14 /* PBXContainerItemProxy */ = {
			isa = PBXContainerItemProxy;
			containerPortal = 5DFD963E2AE8FC9C00DEBF9A /* Project object */;
			proxyType = 1;
			remoteGlobalIDString = 5DFD96452AE8FC9C00DEBF9A;
			remoteInfo = RSSReader;
		};
/* End PBXContainerItemProxy section */

/* Begin PBXFileReference section */
		5D14F0CC2B0E1E0E00F57B14 /* RSSReaderTests.xctest */ = {isa = PBXFileReference; explicitFileType = wrapper.cfbundle; includeInIndex = 0; path = RSSReaderTests.xctest; sourceTree = BUILT_PRODUCTS_DIR; };
		5D14F0CE2B0E1E0E00F57B14 /* RSSReaderTests.swift */ = {isa = PBXFileReference; lastKnownFileType = sourcecode.swift; path = RSSReaderTests.swift; sourceTree = "<group>"; };
		5D93DB4D2AF28C470069672B /* FeedImageService.swift */ = {isa = PBXFileReference; lastKnownFileType = sourcecode.swift; path = FeedImageService.swift; sourceTree = "<group>"; };
		5D93DB522AF29A2A0069672B /* FeedDetailsViewController.swift */ = {isa = PBXFileReference; lastKnownFileType = sourcecode.swift; path = FeedDetailsViewController.swift; sourceTree = "<group>"; };
		5D93DB542AF29A300069672B /* FeedDetailsViewModel.swift */ = {isa = PBXFileReference; lastKnownFileType = sourcecode.swift; path = FeedDetailsViewModel.swift; sourceTree = "<group>"; };
		5D93DB562AF29C4F0069672B /* FeedDetailsContext.swift */ = {isa = PBXFileReference; lastKnownFileType = sourcecode.swift; path = FeedDetailsContext.swift; sourceTree = "<group>"; };
		5DAEF75D2AEA679D0091436C /* FeedService.swift */ = {isa = PBXFileReference; lastKnownFileType = sourcecode.swift; path = FeedService.swift; sourceTree = "<group>"; };
		5DC03A742AF1020B00EA2965 /* FeedSourceCell.swift */ = {isa = PBXFileReference; fileEncoding = 4; lastKnownFileType = sourcecode.swift; path = FeedSourceCell.swift; sourceTree = "<group>"; };
		5DC03A752AF1020B00EA2965 /* FeedSourceCellViewModel.swift */ = {isa = PBXFileReference; fileEncoding = 4; lastKnownFileType = sourcecode.swift; path = FeedSourceCellViewModel.swift; sourceTree = "<group>"; };
		5DC03A782AF1038C00EA2965 /* FeedSourcesContext.swift */ = {isa = PBXFileReference; lastKnownFileType = sourcecode.swift; path = FeedSourcesContext.swift; sourceTree = "<group>"; };
		5DC03A7A2AF1087300EA2965 /* FeedSourceCellViewModelDelegate.swift */ = {isa = PBXFileReference; lastKnownFileType = sourcecode.swift; path = FeedSourceCellViewModelDelegate.swift; sourceTree = "<group>"; };
		5DC03A7C2AF1088C00EA2965 /* FeedSourcesSectionViewModelDelegate.swift */ = {isa = PBXFileReference; lastKnownFileType = sourcecode.swift; path = FeedSourcesSectionViewModelDelegate.swift; sourceTree = "<group>"; };
		5DC03A802AF10AA100EA2965 /* FeedSource.swift */ = {isa = PBXFileReference; lastKnownFileType = sourcecode.swift; path = FeedSource.swift; sourceTree = "<group>"; };
		5DE6B40E2AEF9B0700F22F84 /* FeedPageFactory.swift */ = {isa = PBXFileReference; lastKnownFileType = sourcecode.swift; path = FeedPageFactory.swift; sourceTree = "<group>"; };
		5DE6B4102AEF9B5800F22F84 /* FeedEntriesContext.swift */ = {isa = PBXFileReference; lastKnownFileType = sourcecode.swift; path = FeedEntriesContext.swift; sourceTree = "<group>"; };
		5DE6B4142AEF9E9800F22F84 /* FeedEntriesViewController.swift */ = {isa = PBXFileReference; lastKnownFileType = sourcecode.swift; path = FeedEntriesViewController.swift; sourceTree = "<group>"; };
		5DE6B4162AEF9EDA00F22F84 /* FeedEntriesViewModel.swift */ = {isa = PBXFileReference; lastKnownFileType = sourcecode.swift; path = FeedEntriesViewModel.swift; sourceTree = "<group>"; };
		5DE6B4182AEF9FD600F22F84 /* FeedEntriesSectionViewModel.swift */ = {isa = PBXFileReference; lastKnownFileType = sourcecode.swift; path = FeedEntriesSectionViewModel.swift; sourceTree = "<group>"; };
		5DE6B41A2AEF9FDF00F22F84 /* FeedEntriesCellViewModel.swift */ = {isa = PBXFileReference; lastKnownFileType = sourcecode.swift; path = FeedEntriesCellViewModel.swift; sourceTree = "<group>"; };
		5DE6B41C2AEF9FE600F22F84 /* FeedEntriesCell.swift */ = {isa = PBXFileReference; lastKnownFileType = sourcecode.swift; path = FeedEntriesCell.swift; sourceTree = "<group>"; };
		5DE81F322AEBB0E9003159C0 /* FeedSourcesTableViewDelegate.swift */ = {isa = PBXFileReference; lastKnownFileType = sourcecode.swift; path = FeedSourcesTableViewDelegate.swift; sourceTree = "<group>"; };
		5DE81F342AEBB265003159C0 /* FeedDownloadDelegate.swift */ = {isa = PBXFileReference; lastKnownFileType = sourcecode.swift; path = FeedDownloadDelegate.swift; sourceTree = "<group>"; };
		5DFD96462AE8FC9C00DEBF9A /* RSSReader.app */ = {isa = PBXFileReference; explicitFileType = wrapper.application; includeInIndex = 0; path = RSSReader.app; sourceTree = BUILT_PRODUCTS_DIR; };
		5DFD96492AE8FC9C00DEBF9A /* AppDelegate.swift */ = {isa = PBXFileReference; lastKnownFileType = sourcecode.swift; path = AppDelegate.swift; sourceTree = "<group>"; };
		5DFD964D2AE8FC9C00DEBF9A /* FeedSourcesViewController.swift */ = {isa = PBXFileReference; lastKnownFileType = sourcecode.swift; path = FeedSourcesViewController.swift; sourceTree = "<group>"; };
		5DFD96522AE8FC9D00DEBF9A /* Assets.xcassets */ = {isa = PBXFileReference; lastKnownFileType = folder.assetcatalog; path = Assets.xcassets; sourceTree = "<group>"; };
		5DFD96552AE8FC9D00DEBF9A /* Base */ = {isa = PBXFileReference; lastKnownFileType = file.storyboard; name = Base; path = Base.lproj/LaunchScreen.storyboard; sourceTree = "<group>"; };
		5DFD96572AE8FC9D00DEBF9A /* Info.plist */ = {isa = PBXFileReference; lastKnownFileType = text.plist.xml; path = Info.plist; sourceTree = "<group>"; };
		5DFD96692AE9001900DEBF9A /* FeedSourcesViewModel.swift */ = {isa = PBXFileReference; lastKnownFileType = sourcecode.swift; path = FeedSourcesViewModel.swift; sourceTree = "<group>"; };
		5DFD966E2AE9126F00DEBF9A /* FeedSourcesSectionViewModel.swift */ = {isa = PBXFileReference; lastKnownFileType = sourcecode.swift; path = FeedSourcesSectionViewModel.swift; sourceTree = "<group>"; };
/* End PBXFileReference section */

/* Begin PBXFrameworksBuildPhase section */
		5D14F0C92B0E1E0E00F57B14 /* Frameworks */ = {
			isa = PBXFrameworksBuildPhase;
			buildActionMask = 2147483647;
			files = (
			);
			runOnlyForDeploymentPostprocessing = 0;
		};
		5DFD96432AE8FC9C00DEBF9A /* Frameworks */ = {
			isa = PBXFrameworksBuildPhase;
			buildActionMask = 2147483647;
			files = (
				5DFD96652AE8FE3000DEBF9A /* FeedKit in Frameworks */,
				5DFD965F2AE8FE1400DEBF9A /* FMArchitecture in Frameworks */,
				5DFD96622AE8FE2400DEBF9A /* ALNavigation in Frameworks */,
			);
			runOnlyForDeploymentPostprocessing = 0;
		};
/* End PBXFrameworksBuildPhase section */

/* Begin PBXGroup section */
		5D14F0CD2B0E1E0E00F57B14 /* RSSReaderTests */ = {
			isa = PBXGroup;
			children = (
				5D14F0CE2B0E1E0E00F57B14 /* RSSReaderTests.swift */,
			);
			path = RSSReaderTests;
			sourceTree = "<group>";
		};
		5D8841862AF1018A00A3951E /* Feed */ = {
			isa = PBXGroup;
			children = (
				5DE6B40E2AEF9B0700F22F84 /* FeedPageFactory.swift */,
				5DFD966C2AE9125600DEBF9A /* FeedSources */,
				5DE6B4132AEF9E8200F22F84 /* FeedEntries */,
				5D93DB512AF29A0F0069672B /* FeedDetails */,
			);
			path = Feed;
			sourceTree = "<group>";
		};
		5D93DB512AF29A0F0069672B /* FeedDetails */ = {
			isa = PBXGroup;
			children = (
				5D93DB562AF29C4F0069672B /* FeedDetailsContext.swift */,
				5D93DB542AF29A300069672B /* FeedDetailsViewModel.swift */,
				5D93DB522AF29A2A0069672B /* FeedDetailsViewController.swift */,
			);
			path = FeedDetails;
			sourceTree = "<group>";
		};
		5DAEF75C2AEA67940091436C /* Services */ = {
			isa = PBXGroup;
			children = (
				5DAEF75D2AEA679D0091436C /* FeedService.swift */,
				5D93DB4D2AF28C470069672B /* FeedImageService.swift */,
			);
			path = Services;
			sourceTree = "<group>";
		};
		5DC03A7F2AF10A9300EA2965 /* Model */ = {
			isa = PBXGroup;
			children = (
				5DC03A802AF10AA100EA2965 /* FeedSource.swift */,
			);
			path = Model;
			sourceTree = "<group>";
		};
		5DE6B4132AEF9E8200F22F84 /* FeedEntries */ = {
			isa = PBXGroup;
			children = (
				5DE6B41F2AEF9FEB00F22F84 /* Cells */,
				5DE6B41E2AEF9FE800F22F84 /* Sections */,
				5DE6B4102AEF9B5800F22F84 /* FeedEntriesContext.swift */,
				5DE6B4162AEF9EDA00F22F84 /* FeedEntriesViewModel.swift */,
				5DE6B4142AEF9E9800F22F84 /* FeedEntriesViewController.swift */,
			);
			path = FeedEntries;
			sourceTree = "<group>";
		};
		5DE6B41E2AEF9FE800F22F84 /* Sections */ = {
			isa = PBXGroup;
			children = (
				5DE6B4182AEF9FD600F22F84 /* FeedEntriesSectionViewModel.swift */,
			);
			path = Sections;
			sourceTree = "<group>";
		};
		5DE6B41F2AEF9FEB00F22F84 /* Cells */ = {
			isa = PBXGroup;
			children = (
				5DE6B41C2AEF9FE600F22F84 /* FeedEntriesCell.swift */,
				5DE6B41A2AEF9FDF00F22F84 /* FeedEntriesCellViewModel.swift */,
			);
			path = Cells;
			sourceTree = "<group>";
		};
		5DE81F362AEBB98F003159C0 /* Protocols */ = {
			isa = PBXGroup;
			children = (
				5DE81F342AEBB265003159C0 /* FeedDownloadDelegate.swift */,
				5DC03A7A2AF1087300EA2965 /* FeedSourceCellViewModelDelegate.swift */,
				5DC03A7C2AF1088C00EA2965 /* FeedSourcesSectionViewModelDelegate.swift */,
			);
			path = Protocols;
			sourceTree = "<group>";
		};
		5DFD963D2AE8FC9C00DEBF9A = {
			isa = PBXGroup;
			children = (
				5DFD96482AE8FC9C00DEBF9A /* RSSReader */,
				5D14F0CD2B0E1E0E00F57B14 /* RSSReaderTests */,
				5DFD96472AE8FC9C00DEBF9A /* Products */,
			);
			sourceTree = "<group>";
		};
		5DFD96472AE8FC9C00DEBF9A /* Products */ = {
			isa = PBXGroup;
			children = (
				5DFD96462AE8FC9C00DEBF9A /* RSSReader.app */,
				5D14F0CC2B0E1E0E00F57B14 /* RSSReaderTests.xctest */,
			);
			name = Products;
			sourceTree = "<group>";
		};
		5DFD96482AE8FC9C00DEBF9A /* RSSReader */ = {
			isa = PBXGroup;
			children = (
				5DFD96492AE8FC9C00DEBF9A /* AppDelegate.swift */,
				5DAEF75C2AEA67940091436C /* Services */,
				5DFD966B2AE9041100DEBF9A /* UI */,
				5DC03A7F2AF10A9300EA2965 /* Model */,
				5DFD96522AE8FC9D00DEBF9A /* Assets.xcassets */,
				5DFD96542AE8FC9D00DEBF9A /* LaunchScreen.storyboard */,
				5DFD96572AE8FC9D00DEBF9A /* Info.plist */,
			);
			path = RSSReader;
			sourceTree = "<group>";
		};
		5DFD966B2AE9041100DEBF9A /* UI */ = {
			isa = PBXGroup;
			children = (
				5D8841862AF1018A00A3951E /* Feed */,
			);
			path = UI;
			sourceTree = "<group>";
		};
		5DFD966C2AE9125600DEBF9A /* FeedSources */ = {
			isa = PBXGroup;
			children = (
				5DE81F362AEBB98F003159C0 /* Protocols */,
				5DFD96702AE914AA00DEBF9A /* Cells */,
				5DFD966D2AE9126100DEBF9A /* Sections */,
				5DE81F322AEBB0E9003159C0 /* FeedSourcesTableViewDelegate.swift */,
				5DC03A782AF1038C00EA2965 /* FeedSourcesContext.swift */,
				5DFD96692AE9001900DEBF9A /* FeedSourcesViewModel.swift */,
				5DFD964D2AE8FC9C00DEBF9A /* FeedSourcesViewController.swift */,
			);
			path = FeedSources;
			sourceTree = "<group>";
		};
		5DFD966D2AE9126100DEBF9A /* Sections */ = {
			isa = PBXGroup;
			children = (
				5DFD966E2AE9126F00DEBF9A /* FeedSourcesSectionViewModel.swift */,
			);
			path = Sections;
			sourceTree = "<group>";
		};
		5DFD96702AE914AA00DEBF9A /* Cells */ = {
			isa = PBXGroup;
			children = (
				5DC03A742AF1020B00EA2965 /* FeedSourceCell.swift */,
				5DC03A752AF1020B00EA2965 /* FeedSourceCellViewModel.swift */,
			);
			path = Cells;
			sourceTree = "<group>";
		};
/* End PBXGroup section */

/* Begin PBXNativeTarget section */
		5D14F0CB2B0E1E0E00F57B14 /* RSSReaderTests */ = {
			isa = PBXNativeTarget;
			buildConfigurationList = 5D14F0D42B0E1E0E00F57B14 /* Build configuration list for PBXNativeTarget "RSSReaderTests" */;
			buildPhases = (
				5D14F0C82B0E1E0E00F57B14 /* Sources */,
				5D14F0C92B0E1E0E00F57B14 /* Frameworks */,
				5D14F0CA2B0E1E0E00F57B14 /* Resources */,
			);
			buildRules = (
			);
			dependencies = (
				5D14F0D12B0E1E0E00F57B14 /* PBXTargetDependency */,
			);
			name = RSSReaderTests;
			productName = RSSReaderTests;
			productReference = 5D14F0CC2B0E1E0E00F57B14 /* RSSReaderTests.xctest */;
			productType = "com.apple.product-type.bundle.unit-test";
		};
		5DFD96452AE8FC9C00DEBF9A /* RSSReader */ = {
			isa = PBXNativeTarget;
			buildConfigurationList = 5DFD965A2AE8FC9D00DEBF9A /* Build configuration list for PBXNativeTarget "RSSReader" */;
			buildPhases = (
				5DFD96422AE8FC9C00DEBF9A /* Sources */,
				5DFD96432AE8FC9C00DEBF9A /* Frameworks */,
				5DFD96442AE8FC9C00DEBF9A /* Resources */,
			);
			buildRules = (
			);
			dependencies = (
			);
			name = RSSReader;
			packageProductDependencies = (
				5DFD965E2AE8FE1400DEBF9A /* FMArchitecture */,
				5DFD96612AE8FE2400DEBF9A /* ALNavigation */,
				5DFD96642AE8FE3000DEBF9A /* FeedKit */,
			);
			productName = RSSReader;
			productReference = 5DFD96462AE8FC9C00DEBF9A /* RSSReader.app */;
			productType = "com.apple.product-type.application";
		};
/* End PBXNativeTarget section */

/* Begin PBXProject section */
		5DFD963E2AE8FC9C00DEBF9A /* Project object */ = {
			isa = PBXProject;
			attributes = {
				BuildIndependentTargetsInParallel = 1;
				LastSwiftUpdateCheck = 1500;
				LastUpgradeCheck = 1500;
				TargetAttributes = {
					5D14F0CB2B0E1E0E00F57B14 = {
						CreatedOnToolsVersion = 15.0.1;
						TestTargetID = 5DFD96452AE8FC9C00DEBF9A;
					};
					5DFD96452AE8FC9C00DEBF9A = {
						CreatedOnToolsVersion = 15.0;
					};
				};
			};
			buildConfigurationList = 5DFD96412AE8FC9C00DEBF9A /* Build configuration list for PBXProject "RSSReader" */;
			compatibilityVersion = "Xcode 14.0";
			developmentRegion = en;
			hasScannedForEncodings = 0;
			knownRegions = (
				en,
				Base,
			);
			mainGroup = 5DFD963D2AE8FC9C00DEBF9A;
			packageReferences = (
				5DFD965D2AE8FE1400DEBF9A /* XCRemoteSwiftPackageReference "architecture" */,
				5DFD96602AE8FE2400DEBF9A /* XCRemoteSwiftPackageReference "navigation" */,
				5DFD96632AE8FE3000DEBF9A /* XCRemoteSwiftPackageReference "FeedKit" */,
			);
			productRefGroup = 5DFD96472AE8FC9C00DEBF9A /* Products */;
			projectDirPath = "";
			projectRoot = "";
			targets = (
				5DFD96452AE8FC9C00DEBF9A /* RSSReader */,
				5D14F0CB2B0E1E0E00F57B14 /* RSSReaderTests */,
			);
		};
/* End PBXProject section */

/* Begin PBXResourcesBuildPhase section */
		5D14F0CA2B0E1E0E00F57B14 /* Resources */ = {
			isa = PBXResourcesBuildPhase;
			buildActionMask = 2147483647;
			files = (
			);
			runOnlyForDeploymentPostprocessing = 0;
		};
		5DFD96442AE8FC9C00DEBF9A /* Resources */ = {
			isa = PBXResourcesBuildPhase;
			buildActionMask = 2147483647;
			files = (
				5DFD96562AE8FC9D00DEBF9A /* LaunchScreen.storyboard in Resources */,
				5DFD96532AE8FC9D00DEBF9A /* Assets.xcassets in Resources */,
			);
			runOnlyForDeploymentPostprocessing = 0;
		};
/* End PBXResourcesBuildPhase section */

/* Begin PBXSourcesBuildPhase section */
		5D14F0C82B0E1E0E00F57B14 /* Sources */ = {
			isa = PBXSourcesBuildPhase;
			buildActionMask = 2147483647;
			files = (
				5D14F0CF2B0E1E0E00F57B14 /* RSSReaderTests.swift in Sources */,
			);
			runOnlyForDeploymentPostprocessing = 0;
		};
		5DFD96422AE8FC9C00DEBF9A /* Sources */ = {
			isa = PBXSourcesBuildPhase;
			buildActionMask = 2147483647;
			files = (
				5DC03A792AF1038C00EA2965 /* FeedSourcesContext.swift in Sources */,
				5DE6B41B2AEF9FDF00F22F84 /* FeedEntriesCellViewModel.swift in Sources */,
				5DC03A7D2AF1088C00EA2965 /* FeedSourcesSectionViewModelDelegate.swift in Sources */,
				5DE81F352AEBB265003159C0 /* FeedDownloadDelegate.swift in Sources */,
				5DE81F332AEBB0E9003159C0 /* FeedSourcesTableViewDelegate.swift in Sources */,
				5DFD964E2AE8FC9C00DEBF9A /* FeedSourcesViewController.swift in Sources */,
				5D93DB4E2AF28C470069672B /* FeedImageService.swift in Sources */,
				5DE6B4192AEF9FD600F22F84 /* FeedEntriesSectionViewModel.swift in Sources */,
				5DFD966F2AE9126F00DEBF9A /* FeedSourcesSectionViewModel.swift in Sources */,
				5D93DB532AF29A2A0069672B /* FeedDetailsViewController.swift in Sources */,
				5DE6B4152AEF9E9800F22F84 /* FeedEntriesViewController.swift in Sources */,
				5DFD964A2AE8FC9C00DEBF9A /* AppDelegate.swift in Sources */,
				5D93DB552AF29A300069672B /* FeedDetailsViewModel.swift in Sources */,
				5DE6B4172AEF9EDA00F22F84 /* FeedEntriesViewModel.swift in Sources */,
				5DC03A7B2AF1087300EA2965 /* FeedSourceCellViewModelDelegate.swift in Sources */,
				5DC03A772AF1020B00EA2965 /* FeedSourceCellViewModel.swift in Sources */,
				5DAEF75E2AEA679D0091436C /* FeedService.swift in Sources */,
				5DFD966A2AE9001900DEBF9A /* FeedSourcesViewModel.swift in Sources */,
				5D93DB572AF29C4F0069672B /* FeedDetailsContext.swift in Sources */,
				5DE6B4112AEF9B5800F22F84 /* FeedEntriesContext.swift in Sources */,
				5DC03A812AF10AA100EA2965 /* FeedSource.swift in Sources */,
				5DE6B41D2AEF9FE600F22F84 /* FeedEntriesCell.swift in Sources */,
				5DC03A762AF1020B00EA2965 /* FeedSourceCell.swift in Sources */,
				5DE6B40F2AEF9B0700F22F84 /* FeedPageFactory.swift in Sources */,
			);
			runOnlyForDeploymentPostprocessing = 0;
		};
/* End PBXSourcesBuildPhase section */

/* Begin PBXTargetDependency section */
		5D14F0D12B0E1E0E00F57B14 /* PBXTargetDependency */ = {
			isa = PBXTargetDependency;
			target = 5DFD96452AE8FC9C00DEBF9A /* RSSReader */;
			targetProxy = 5D14F0D02B0E1E0E00F57B14 /* PBXContainerItemProxy */;
		};
/* End PBXTargetDependency section */

/* Begin PBXVariantGroup section */
		5DFD96542AE8FC9D00DEBF9A /* LaunchScreen.storyboard */ = {
			isa = PBXVariantGroup;
			children = (
				5DFD96552AE8FC9D00DEBF9A /* Base */,
			);
			name = LaunchScreen.storyboard;
			sourceTree = "<group>";
		};
/* End PBXVariantGroup section */

/* Begin XCBuildConfiguration section */
		5D14F0D22B0E1E0E00F57B14 /* Debug */ = {
			isa = XCBuildConfiguration;
			buildSettings = {
				BUNDLE_LOADER = "$(TEST_HOST)";
				CODE_SIGN_STYLE = Automatic;
				CURRENT_PROJECT_VERSION = 1;
				DEVELOPMENT_TEAM = B74GGX94X2;
				GENERATE_INFOPLIST_FILE = YES;
				MARKETING_VERSION = 1.0;
				PRODUCT_BUNDLE_IDENTIFIER = com.heheilik.RSSReaderTests;
				PRODUCT_NAME = "$(TARGET_NAME)";
				SWIFT_EMIT_LOC_STRINGS = NO;
				SWIFT_VERSION = 5.0;
				TARGETED_DEVICE_FAMILY = "1,2";
				TEST_HOST = "$(BUILT_PRODUCTS_DIR)/RSSReader.app/$(BUNDLE_EXECUTABLE_FOLDER_PATH)/RSSReader";
			};
			name = Debug;
		};
		5D14F0D32B0E1E0E00F57B14 /* Release */ = {
			isa = XCBuildConfiguration;
			buildSettings = {
				BUNDLE_LOADER = "$(TEST_HOST)";
				CODE_SIGN_STYLE = Automatic;
				CURRENT_PROJECT_VERSION = 1;
				DEVELOPMENT_TEAM = B74GGX94X2;
				GENERATE_INFOPLIST_FILE = YES;
				MARKETING_VERSION = 1.0;
				PRODUCT_BUNDLE_IDENTIFIER = com.heheilik.RSSReaderTests;
				PRODUCT_NAME = "$(TARGET_NAME)";
				SWIFT_EMIT_LOC_STRINGS = NO;
				SWIFT_VERSION = 5.0;
				TARGETED_DEVICE_FAMILY = "1,2";
				TEST_HOST = "$(BUILT_PRODUCTS_DIR)/RSSReader.app/$(BUNDLE_EXECUTABLE_FOLDER_PATH)/RSSReader";
			};
			name = Release;
		};
		5DFD96582AE8FC9D00DEBF9A /* Debug */ = {
			isa = XCBuildConfiguration;
			buildSettings = {
				ALWAYS_SEARCH_USER_PATHS = NO;
				ASSETCATALOG_COMPILER_GENERATE_SWIFT_ASSET_SYMBOL_EXTENSIONS = YES;
				CLANG_ANALYZER_NONNULL = YES;
				CLANG_ANALYZER_NUMBER_OBJECT_CONVERSION = YES_AGGRESSIVE;
				CLANG_CXX_LANGUAGE_STANDARD = "gnu++20";
				CLANG_ENABLE_MODULES = YES;
				CLANG_ENABLE_OBJC_ARC = YES;
				CLANG_ENABLE_OBJC_WEAK = YES;
				CLANG_WARN_BLOCK_CAPTURE_AUTORELEASING = YES;
				CLANG_WARN_BOOL_CONVERSION = YES;
				CLANG_WARN_COMMA = YES;
				CLANG_WARN_CONSTANT_CONVERSION = YES;
				CLANG_WARN_DEPRECATED_OBJC_IMPLEMENTATIONS = YES;
				CLANG_WARN_DIRECT_OBJC_ISA_USAGE = YES_ERROR;
				CLANG_WARN_DOCUMENTATION_COMMENTS = YES;
				CLANG_WARN_EMPTY_BODY = YES;
				CLANG_WARN_ENUM_CONVERSION = YES;
				CLANG_WARN_INFINITE_RECURSION = YES;
				CLANG_WARN_INT_CONVERSION = YES;
				CLANG_WARN_NON_LITERAL_NULL_CONVERSION = YES;
				CLANG_WARN_OBJC_IMPLICIT_RETAIN_SELF = YES;
				CLANG_WARN_OBJC_LITERAL_CONVERSION = YES;
				CLANG_WARN_OBJC_ROOT_CLASS = YES_ERROR;
				CLANG_WARN_QUOTED_INCLUDE_IN_FRAMEWORK_HEADER = YES;
				CLANG_WARN_RANGE_LOOP_ANALYSIS = YES;
				CLANG_WARN_STRICT_PROTOTYPES = YES;
				CLANG_WARN_SUSPICIOUS_MOVE = YES;
				CLANG_WARN_UNGUARDED_AVAILABILITY = YES_AGGRESSIVE;
				CLANG_WARN_UNREACHABLE_CODE = YES;
				CLANG_WARN__DUPLICATE_METHOD_MATCH = YES;
				COPY_PHASE_STRIP = NO;
				DEBUG_INFORMATION_FORMAT = dwarf;
				ENABLE_STRICT_OBJC_MSGSEND = YES;
				ENABLE_TESTABILITY = YES;
				ENABLE_USER_SCRIPT_SANDBOXING = YES;
				GCC_C_LANGUAGE_STANDARD = gnu17;
				GCC_DYNAMIC_NO_PIC = NO;
				GCC_NO_COMMON_BLOCKS = YES;
				GCC_OPTIMIZATION_LEVEL = 0;
				GCC_PREPROCESSOR_DEFINITIONS = (
					"DEBUG=1",
					"$(inherited)",
				);
				GCC_WARN_64_TO_32_BIT_CONVERSION = YES;
				GCC_WARN_ABOUT_RETURN_TYPE = YES_ERROR;
				GCC_WARN_UNDECLARED_SELECTOR = YES;
				GCC_WARN_UNINITIALIZED_AUTOS = YES_AGGRESSIVE;
				GCC_WARN_UNUSED_FUNCTION = YES;
				GCC_WARN_UNUSED_VARIABLE = YES;
				IPHONEOS_DEPLOYMENT_TARGET = 17.0;
				LOCALIZATION_PREFERS_STRING_CATALOGS = YES;
				MTL_ENABLE_DEBUG_INFO = INCLUDE_SOURCE;
				MTL_FAST_MATH = YES;
				ONLY_ACTIVE_ARCH = YES;
				SDKROOT = iphoneos;
				SWIFT_ACTIVE_COMPILATION_CONDITIONS = "DEBUG $(inherited)";
				SWIFT_OPTIMIZATION_LEVEL = "-Onone";
			};
			name = Debug;
		};
		5DFD96592AE8FC9D00DEBF9A /* Release */ = {
			isa = XCBuildConfiguration;
			buildSettings = {
				ALWAYS_SEARCH_USER_PATHS = NO;
				ASSETCATALOG_COMPILER_GENERATE_SWIFT_ASSET_SYMBOL_EXTENSIONS = YES;
				CLANG_ANALYZER_NONNULL = YES;
				CLANG_ANALYZER_NUMBER_OBJECT_CONVERSION = YES_AGGRESSIVE;
				CLANG_CXX_LANGUAGE_STANDARD = "gnu++20";
				CLANG_ENABLE_MODULES = YES;
				CLANG_ENABLE_OBJC_ARC = YES;
				CLANG_ENABLE_OBJC_WEAK = YES;
				CLANG_WARN_BLOCK_CAPTURE_AUTORELEASING = YES;
				CLANG_WARN_BOOL_CONVERSION = YES;
				CLANG_WARN_COMMA = YES;
				CLANG_WARN_CONSTANT_CONVERSION = YES;
				CLANG_WARN_DEPRECATED_OBJC_IMPLEMENTATIONS = YES;
				CLANG_WARN_DIRECT_OBJC_ISA_USAGE = YES_ERROR;
				CLANG_WARN_DOCUMENTATION_COMMENTS = YES;
				CLANG_WARN_EMPTY_BODY = YES;
				CLANG_WARN_ENUM_CONVERSION = YES;
				CLANG_WARN_INFINITE_RECURSION = YES;
				CLANG_WARN_INT_CONVERSION = YES;
				CLANG_WARN_NON_LITERAL_NULL_CONVERSION = YES;
				CLANG_WARN_OBJC_IMPLICIT_RETAIN_SELF = YES;
				CLANG_WARN_OBJC_LITERAL_CONVERSION = YES;
				CLANG_WARN_OBJC_ROOT_CLASS = YES_ERROR;
				CLANG_WARN_QUOTED_INCLUDE_IN_FRAMEWORK_HEADER = YES;
				CLANG_WARN_RANGE_LOOP_ANALYSIS = YES;
				CLANG_WARN_STRICT_PROTOTYPES = YES;
				CLANG_WARN_SUSPICIOUS_MOVE = YES;
				CLANG_WARN_UNGUARDED_AVAILABILITY = YES_AGGRESSIVE;
				CLANG_WARN_UNREACHABLE_CODE = YES;
				CLANG_WARN__DUPLICATE_METHOD_MATCH = YES;
				COPY_PHASE_STRIP = NO;
				DEBUG_INFORMATION_FORMAT = "dwarf-with-dsym";
				ENABLE_NS_ASSERTIONS = NO;
				ENABLE_STRICT_OBJC_MSGSEND = YES;
				ENABLE_USER_SCRIPT_SANDBOXING = YES;
				GCC_C_LANGUAGE_STANDARD = gnu17;
				GCC_NO_COMMON_BLOCKS = YES;
				GCC_WARN_64_TO_32_BIT_CONVERSION = YES;
				GCC_WARN_ABOUT_RETURN_TYPE = YES_ERROR;
				GCC_WARN_UNDECLARED_SELECTOR = YES;
				GCC_WARN_UNINITIALIZED_AUTOS = YES_AGGRESSIVE;
				GCC_WARN_UNUSED_FUNCTION = YES;
				GCC_WARN_UNUSED_VARIABLE = YES;
				IPHONEOS_DEPLOYMENT_TARGET = 17.0;
				LOCALIZATION_PREFERS_STRING_CATALOGS = YES;
				MTL_ENABLE_DEBUG_INFO = NO;
				MTL_FAST_MATH = YES;
				SDKROOT = iphoneos;
				SWIFT_COMPILATION_MODE = wholemodule;
				VALIDATE_PRODUCT = YES;
			};
			name = Release;
		};
		5DFD965B2AE8FC9D00DEBF9A /* Debug */ = {
			isa = XCBuildConfiguration;
			buildSettings = {
				ASSETCATALOG_COMPILER_APPICON_NAME = AppIcon;
				ASSETCATALOG_COMPILER_GLOBAL_ACCENT_COLOR_NAME = AccentColor;
				CODE_SIGN_STYLE = Automatic;
				CURRENT_PROJECT_VERSION = 1;
				DEVELOPMENT_TEAM = B74GGX94X2;
				GENERATE_INFOPLIST_FILE = YES;
				INFOPLIST_FILE = RSSReader/Info.plist;
				INFOPLIST_KEY_UIApplicationSupportsIndirectInputEvents = YES;
				INFOPLIST_KEY_UILaunchStoryboardName = LaunchScreen;
				INFOPLIST_KEY_UISupportedInterfaceOrientations_iPad = "UIInterfaceOrientationPortrait UIInterfaceOrientationPortraitUpsideDown UIInterfaceOrientationLandscapeLeft UIInterfaceOrientationLandscapeRight";
				INFOPLIST_KEY_UISupportedInterfaceOrientations_iPhone = "UIInterfaceOrientationPortrait UIInterfaceOrientationLandscapeLeft UIInterfaceOrientationLandscapeRight";
				LD_RUNPATH_SEARCH_PATHS = (
					"$(inherited)",
					"@executable_path/Frameworks",
				);
				MARKETING_VERSION = 1.0;
				PRODUCT_BUNDLE_IDENTIFIER = com.heheilik.RSSReader;
				PRODUCT_NAME = "$(TARGET_NAME)";
				SWIFT_EMIT_LOC_STRINGS = YES;
				SWIFT_VERSION = 5.0;
				TARGETED_DEVICE_FAMILY = "1,2";
			};
			name = Debug;
		};
		5DFD965C2AE8FC9D00DEBF9A /* Release */ = {
			isa = XCBuildConfiguration;
			buildSettings = {
				ASSETCATALOG_COMPILER_APPICON_NAME = AppIcon;
				ASSETCATALOG_COMPILER_GLOBAL_ACCENT_COLOR_NAME = AccentColor;
				CODE_SIGN_STYLE = Automatic;
				CURRENT_PROJECT_VERSION = 1;
				DEVELOPMENT_TEAM = B74GGX94X2;
				GENERATE_INFOPLIST_FILE = YES;
				INFOPLIST_FILE = RSSReader/Info.plist;
				INFOPLIST_KEY_UIApplicationSupportsIndirectInputEvents = YES;
				INFOPLIST_KEY_UILaunchStoryboardName = LaunchScreen;
				INFOPLIST_KEY_UISupportedInterfaceOrientations_iPad = "UIInterfaceOrientationPortrait UIInterfaceOrientationPortraitUpsideDown UIInterfaceOrientationLandscapeLeft UIInterfaceOrientationLandscapeRight";
				INFOPLIST_KEY_UISupportedInterfaceOrientations_iPhone = "UIInterfaceOrientationPortrait UIInterfaceOrientationLandscapeLeft UIInterfaceOrientationLandscapeRight";
				LD_RUNPATH_SEARCH_PATHS = (
					"$(inherited)",
					"@executable_path/Frameworks",
				);
				MARKETING_VERSION = 1.0;
				PRODUCT_BUNDLE_IDENTIFIER = com.heheilik.RSSReader;
				PRODUCT_NAME = "$(TARGET_NAME)";
				SWIFT_EMIT_LOC_STRINGS = YES;
				SWIFT_VERSION = 5.0;
				TARGETED_DEVICE_FAMILY = "1,2";
			};
			name = Release;
		};
/* End XCBuildConfiguration section */

/* Begin XCConfigurationList section */
		5D14F0D42B0E1E0E00F57B14 /* Build configuration list for PBXNativeTarget "RSSReaderTests" */ = {
			isa = XCConfigurationList;
			buildConfigurations = (
				5D14F0D22B0E1E0E00F57B14 /* Debug */,
				5D14F0D32B0E1E0E00F57B14 /* Release */,
			);
			defaultConfigurationIsVisible = 0;
			defaultConfigurationName = Release;
		};
		5DFD96412AE8FC9C00DEBF9A /* Build configuration list for PBXProject "RSSReader" */ = {
			isa = XCConfigurationList;
			buildConfigurations = (
				5DFD96582AE8FC9D00DEBF9A /* Debug */,
				5DFD96592AE8FC9D00DEBF9A /* Release */,
			);
			defaultConfigurationIsVisible = 0;
			defaultConfigurationName = Release;
		};
		5DFD965A2AE8FC9D00DEBF9A /* Build configuration list for PBXNativeTarget "RSSReader" */ = {
			isa = XCConfigurationList;
			buildConfigurations = (
				5DFD965B2AE8FC9D00DEBF9A /* Debug */,
				5DFD965C2AE8FC9D00DEBF9A /* Release */,
			);
			defaultConfigurationIsVisible = 0;
			defaultConfigurationName = Release;
		};
/* End XCConfigurationList section */

/* Begin XCRemoteSwiftPackageReference section */
		5DFD965D2AE8FE1400DEBF9A /* XCRemoteSwiftPackageReference "architecture" */ = {
			isa = XCRemoteSwiftPackageReference;
			repositoryURL = "git@gitlab.byvmz.online:ios/frameworks/architecture.git";
			requirement = {
				kind = upToNextMajorVersion;
				minimumVersion = 2.8.2;
			};
		};
		5DFD96602AE8FE2400DEBF9A /* XCRemoteSwiftPackageReference "navigation" */ = {
			isa = XCRemoteSwiftPackageReference;
			repositoryURL = "git@gitlab.byvmz.online:ios/frameworks/navigation.git";
			requirement = {
				kind = upToNextMajorVersion;
				minimumVersion = 1.5.0;
			};
		};
		5DFD96632AE8FE3000DEBF9A /* XCRemoteSwiftPackageReference "FeedKit" */ = {
			isa = XCRemoteSwiftPackageReference;
			repositoryURL = "https://github.com/nmdias/FeedKit.git";
			requirement = {
				kind = upToNextMajorVersion;
				minimumVersion = 9.1.2;
			};
		};
/* End XCRemoteSwiftPackageReference section */

/* Begin XCSwiftPackageProductDependency section */
		5DFD965E2AE8FE1400DEBF9A /* FMArchitecture */ = {
			isa = XCSwiftPackageProductDependency;
			package = 5DFD965D2AE8FE1400DEBF9A /* XCRemoteSwiftPackageReference "architecture" */;
			productName = FMArchitecture;
		};
		5DFD96612AE8FE2400DEBF9A /* ALNavigation */ = {
			isa = XCSwiftPackageProductDependency;
			package = 5DFD96602AE8FE2400DEBF9A /* XCRemoteSwiftPackageReference "navigation" */;
			productName = ALNavigation;
		};
		5DFD96642AE8FE3000DEBF9A /* FeedKit */ = {
			isa = XCSwiftPackageProductDependency;
			package = 5DFD96632AE8FE3000DEBF9A /* XCRemoteSwiftPackageReference "FeedKit" */;
			productName = FeedKit;
		};
/* End XCSwiftPackageProductDependency section */
	};
	rootObject = 5DFD963E2AE8FC9C00DEBF9A /* Project object */;
}
